{
  "name": "typescript",
  "lockfileVersion": 2,
  "requires": true,
  "packages": {
    "": {
      "dependencies": {
        "typescript": "^4.7.4"
      },
      "devDependencies": {
        "@types/lunr": "^2.3.4"
      }
    },
    "node_modules/@types/lunr": {
      "version": "2.3.4",
      "resolved": "https://registry.npmjs.org/@types/lunr/-/lunr-2.3.4.tgz",
      "integrity": "sha512-j4x4XJwZvorEUbA519VdQ5b9AOU9TSvfi8tvxMAfP8XzNLtFex7A8vFQwqOx3WACbV0KMXbACV3cZl4/gynQ7g==",
      "dev": true
    },
    "node_modules/typescript": {
      "version": "4.7.4",
      "resolved": "https://registry.npmjs.org/typescript/-/typescript-4.7.4.tgz",
      "integrity": "sha512-C0WQT0gezHuw6AdY1M2jxUO83Rjf0HP7Sk1DtXj6j1EwkQNZrHAg2XPWlq62oqEhYvONq5pkC2Y9oPljWToLmQ==",
      "bin": {
        "tsc": "bin/tsc",
        "tsserver": "bin/tsserver"
      },
      "engines": {
        "node": ">=4.2.0"
      }
    }
  },
  "dependencies": {
    "@types/lunr": {
      "version": "2.3.4",
      "resolved": "https://registry.npmjs.org/@types/lunr/-/lunr-2.3.4.tgz",
      "integrity": "sha512-j4x4XJwZvorEUbA519VdQ5b9AOU9TSvfi8tvxMAfP8XzNLtFex7A8vFQwqOx3WACbV0KMXbACV3cZl4/gynQ7g==",
      "dev": true
    },
    "typescript": {
      "version": "4.7.4",
      "resolved": "https://registry.npmjs.org/typescript/-/typescript-4.7.4.tgz",
      "integrity": "sha512-C0WQT0gezHuw6AdY1M2jxUO83Rjf0HP7Sk1DtXj6j1EwkQNZrHAg2XPWlq62oqEhYvONq5pkC2Y9oPljWToLmQ=="
    }
  }
}
